
Microsoft Visual Studio Solution File, Format Version 12.00
# Visual Studio Version 17
VisualStudioVersion = 17.13.35931.197 d17.13
MinimumVisualStudioVersion = 10.0.40219.1
Project("{FAE04EC0-301F-11D3-BF4B-00C04F79EFBC}") = "GestaoBiblioteca", "GestaoBiblioteca.csproj", "{594BA02E-F64B-109A-D55D-63952352902B}"
EndProject
Global
	GlobalSection(SolutionConfigurationPlatforms) = preSolution
		Debug|Any CPU = Debug|Any CPU
		Release|Any CPU = Release|Any CPU
	EndGlobalSection
	GlobalSection(ProjectConfigurationPlatforms) = postSolution
		{594BA02E-F64B-109A-D55D-63952352902B}.Debug|Any CPU.ActiveCfg = Debug|Any CPU
		{594BA02E-F64B-109A-D55D-63952352902B}.Debug|Any CPU.Build.0 = Debug|Any CPU
		{594BA02E-F64B-109A-D55D-63952352902B}.Release|Any CPU.ActiveCfg = Release|Any CPU
		{594BA02E-F64B-109A-D55D-63952352902B}.Release|Any CPU.Build.0 = Release|Any CPU
	EndGlobalSection
	GlobalSection(SolutionProperties) = preSolution
		HideSolutionNode = FALSE
	EndGlobalSection
	GlobalSection(ExtensibilityGlobals) = postSolution
		SolutionGuid = {51DD6433-EAB4-4E80-A89C-38842A1738A9}
	EndGlobalSection
EndGlobal
